
Microsoft Visual Studio Solution File, Format Version 12.00
# Visual Studio Version 17
VisualStudioVersion = 17.14.36623.8 d17.14
MinimumVisualStudioVersion = 10.0.40219.1
Project("{FAE04EC0-301F-11D3-BF4B-00C04F79EFBC}") = "WebApplication1", "WebApplication1\WebApplication1.csproj", "{5E0F1A84-2D53-41C7-83F6-D43D3551FD8B}"
EndProject
Global
	GlobalSection(SolutionConfigurationPlatforms) = preSolution
		Debug|Any CPU = Debug|Any CPU
		Release|Any CPU = Release|Any CPU
	EndGlobalSection
	GlobalSection(ProjectConfigurationPlatforms) = postSolution
		{5E0F1A84-2D53-41C7-83F6-D43D3551FD8B}.Debug|Any CPU.ActiveCfg = Debug|Any CPU
		{5E0F1A84-2D53-41C7-83F6-D43D3551FD8B}.Debug|Any CPU.Build.0 = Debug|Any CPU
		{5E0F1A84-2D53-41C7-83F6-D43D3551FD8B}.Release|Any CPU.ActiveCfg = Release|Any CPU
		{5E0F1A84-2D53-41C7-83F6-D43D3551FD8B}.Release|Any CPU.Build.0 = Release|Any CPU
	EndGlobalSection
	GlobalSection(SolutionProperties) = preSolution
		HideSolutionNode = FALSE
	EndGlobalSection
	GlobalSection(ExtensibilityGlobals) = postSolution
		SolutionGuid = {631ED058-347C-40B3-BBD5-25666019A3AD}
	EndGlobalSection
EndGlobal
